
Microsoft Visual Studio Solution File, Format Version 12.00
# Visual Studio Version 17
VisualStudioVersion = 17.8.34316.72
MinimumVisualStudioVersion = 10.0.40219.1
Project("{FAE04EC0-301F-11D3-BF4B-00C04F79EFBC}") = "AzureAppServiceDemo", "AzureAppServiceDemo\AzureAppServiceDemo.csproj", "{F3A72CFC-3735-4945-86F7-13D7B059A206}"
EndProject
Global
	GlobalSection(SolutionConfigurationPlatforms) = preSolution
		Debug|Any CPU = Debug|Any CPU
		Release|Any CPU = Release|Any CPU
	EndGlobalSection
	GlobalSection(ProjectConfigurationPlatforms) = postSolution
		{F3A72CFC-3735-4945-86F7-13D7B059A206}.Debug|Any CPU.ActiveCfg = Debug|Any CPU
		{F3A72CFC-3735-4945-86F7-13D7B059A206}.Debug|Any CPU.Build.0 = Debug|Any CPU
		{F3A72CFC-3735-4945-86F7-13D7B059A206}.Release|Any CPU.ActiveCfg = Release|Any CPU
		{F3A72CFC-3735-4945-86F7-13D7B059A206}.Release|Any CPU.Build.0 = Release|Any CPU
	EndGlobalSection
	GlobalSection(SolutionProperties) = preSolution
		HideSolutionNode = FALSE
	EndGlobalSection
	GlobalSection(ExtensibilityGlobals) = postSolution
		SolutionGuid = {AF58162D-DB42-421E-BA11-499D1E12F5A0}
	EndGlobalSection
EndGlobal
